{
  "name": "site-example",
  "lockfileVersion": 3,
  "requires": true,
  "packages": {
    "": {
      "devDependencies": {
        "@azz/prettier-config": "^1.0.0",
        "prettier": "^3.1.1",
        "prettier-plugin-jinja-template": "^1.3.2"
      }
    },
    "node_modules/@azz/prettier-config": {
      "version": "1.0.0",
      "resolved": "https://registry.npmjs.org/@azz/prettier-config/-/prettier-config-1.0.0.tgz",
      "integrity": "sha512-2R3F5XWq8YoBXEbqjlraRt8c6Z8GnV4X/gOw0kAi9dn5aCCFHqqDuprQD0UBds4heH6tRp6ZGSeXyG6YZJUgAQ==",
      "dev": true,
      "license": "MIT"
    },
    "node_modules/prettier": {
      "version": "3.1.1",
      "resolved": "https://registry.npmjs.org/prettier/-/prettier-3.1.1.tgz",
      "integrity": "sha512-22UbSzg8luF4UuZtzgiUOfcGM8s4tjBv6dJRT7j275NXsy2jb4aJa4NNveul5x4eqlF1wuhuR2RElK71RvmVaw==",
      "dev": true,
      "bin": {
        "prettier": "bin/prettier.cjs"
      },
      "engines": {
        "node": ">=14"
      },
      "funding": {
        "url": "https://github.com/prettier/prettier?sponsor=1"
      }
    },
    "node_modules/prettier-plugin-jinja-template": {
      "version": "1.3.2",
      "resolved": "https://registry.npmjs.org/prettier-plugin-jinja-template/-/prettier-plugin-jinja-template-1.3.2.tgz",
      "integrity": "sha512-ROglSKajIA4TRxM5othKfhc+dZrWYaVoJW/0EHlN0WwCXS1FmF/2mtfDkJW4wSTBqu7re1svsYMAu+oMGf6T9Q==",
      "dev": true,
      "peerDependencies": {
        "prettier": "^3.0.0"
      }
    }
  }
}
